{
  "name": "sri-experiment",
  "version": "0.0.1",
  "lockfileVersion": 2,
  "requires": true,
  "packages": {
    "": {
      "name": "sri-experiment",
      "version": "0.0.1",
      "devDependencies": {
        "prettier": "^3.2.4",
        "vite": "^5.0.12"
      }
    },
    "node_modules/@esbuild/aix-ppc64": {
      "version": "0.19.12",
      "resolved": "https://nexushost.is.adyen.com/repository/npm-internal/@esbuild/aix-ppc64/-/aix-ppc64-0.19.12.tgz",
      "integrity": "sha512-wyOnzB3aV5nX64h4/4mW1MkSWH7oKJmwknWKI1ZPgp8AGs46LKIlhFjsC/q3b8dYSJKaNLmeDW64m+jXwxDvCA==",
      "cpu": [
        "ppc64"
      ],
      "dev": true,
      "license": "MIT",
      "optional": true,
      "os": [
        "aix"
      ],
      "engines": {
        "node": ">=12"
      }
    },
    "node_modules/@esbuild/android-arm": {
      "version": "0.19.12",
      "resolved": "https://nexushost.is.adyen.com/repository/npm-internal/@esbuild/android-arm/-/android-arm-0.19.12.tgz",
      "integrity": "sha512-EGGdmtbtaRxX/3x6GUYlcgQgqePsPXs2aLK4CToN2qIDGIj5e79yaLZyT2pNNwNynJOpyyZ9xATl8t+GCBjv0w==",
      "cpu": [
        "arm"
      ],
      "dev": true,
      "license": "MIT",
      "optional": true,
      "os": [
        "android"
      ],
      "engines": {
        "node": ">=12"
      }
    },
    "node_modules/@esbuild/android-arm64": {
      "version": "0.19.12",
      "resolved": "https://nexushost.is.adyen.com/repository/npm-internal/@esbuild/android-arm64/-/android-arm64-0.19.12.tgz",
      "integrity": "sha512-6KyJXV/5+WTzuVIY1gFs+z9oR9t4OliS1g6PcWhPBn6Wma6B4gKk/DSrLA30Ovdaf0bg1DnlSTB7Jx2yzrRGBA==",
      "cpu": [
        "arm64"
      ],
      "dev": true,
      "license": "MIT",
      "optional": true,
      "os": [
        "android"
      ],
      "engines": {
        "node": ">=12"
      }
    },
    "node_modules/@esbuild/android-x64": {
      "version": "0.19.12",
      "resolved": "https://nexushost.is.adyen.com/repository/npm-internal/@esbuild/android-x64/-/android-x64-0.19.12.tgz",
      "integrity": "sha512-iXBddx0cQAp5g1a+wdHTuRyLe0XHipvDTUeTaHNS0/aYsDQm+fEUx2ug4saybKda8hfX4cdNGAzmlTsOIIxvVA==",
      "cpu": [
        "x64"
      ],
      "dev": true,
      "license": "MIT",
      "optional": true,
      "os": [
        "android"
      ],
      "engines": {
        "node": ">=12"
      }
    },
    "node_modules/@esbuild/darwin-arm64": {
      "version": "0.19.12",
      "resolved": "https://nexushost.is.adyen.com/repository/npm-internal/@esbuild/darwin-arm64/-/darwin-arm64-0.19.12.tgz",
      "integrity": "sha512-u4UR7+CKPT/NBrujKyBvLFheDJkp7OyOWWu0hT5I90posnaXrTw2bv2wTV/pcK2ZIHOrzy1/moGCM/86WVQEIA==",
      "cpu": [
        "arm64"
      ],
      "dev": true,
      "license": "MIT",
      "optional": true,
      "os": [
        "darwin"
      ],
      "engines": {
        "node": ">=12"
      }
    },
    "node_modules/@esbuild/darwin-x64": {
      "version": "0.19.12",
      "resolved": "https://nexushost.is.adyen.com/repository/npm-internal/@esbuild/darwin-x64/-/darwin-x64-0.19.12.tgz",
      "integrity": "sha512-T62wxO+1akJZ/qASI6Gmb1ndGz4xygMVVRut6eiBP6Njoll4RWk16G42tOXfyrAGkvxJXVxeq6ckwMoXx6bobA==",
      "cpu": [
        "x64"
      ],
      "dev": true,
      "license": "MIT",
      "optional": true,
      "os": [
        "darwin"
      ],
      "engines": {
        "node": ">=12"
      }
    },
    "node_modules/@esbuild/freebsd-arm64": {
      "version": "0.19.12",
      "resolved": "https://nexushost.is.adyen.com/repository/npm-internal/@esbuild/freebsd-arm64/-/freebsd-arm64-0.19.12.tgz",
      "integrity": "sha512-3XhdYx5eeSjU+0+fU1a5a9alJe3C8+XAET8CvL7qXPaf/s0Bc4V87QxZDK1/40XGhU5m5OrsYGcprjeqy1w54w==",
      "cpu": [
        "arm64"
      ],
      "dev": true,
      "license": "MIT",
      "optional": true,
      "os": [
        "freebsd"
      ],
      "engines": {
        "node": ">=12"
      }
    },
    "node_modules/@esbuild/freebsd-x64": {
      "version": "0.19.12",
      "resolved": "https://nexushost.is.adyen.com/repository/npm-internal/@esbuild/freebsd-x64/-/freebsd-x64-0.19.12.tgz",
      "integrity": "sha512-nsu3ze8w4S9sJw8QUNSq+8SVJfgDtKh3QWlRCqiGDce2CQS9acUtQrdd40E8eACew5IT7KXyS2CZ7c3rx4iDnA==",
      "cpu": [
        "x64"
      ],
      "dev": true,
      "license": "MIT",
      "optional": true,
      "os": [
        "freebsd"
      ],
      "engines": {
        "node": ">=12"
      }
    },
    "node_modules/@esbuild/linux-arm": {
      "version": "0.19.12",
      "resolved": "https://nexushost.is.adyen.com/repository/npm-internal/@esbuild/linux-arm/-/linux-arm-0.19.12.tgz",
      "integrity": "sha512-b22eSc4YGfGq6Ufsg7Dm0R5NydTDnWJb7LRKx/7QYHTxcdDtXv00szKg3Uw1J2PJabynEF0SheHo6IIaobLb1A==",
      "cpu": [
        "arm"
      ],
      "dev": true,
      "license": "MIT",
      "optional": true,
      "os": [
        "linux"
      ],
      "engines": {
        "node": ">=12"
      }
    },
    "node_modules/@esbuild/linux-arm64": {
      "version": "0.19.12",
      "resolved": "https://nexushost.is.adyen.com/repository/npm-internal/@esbuild/linux-arm64/-/linux-arm64-0.19.12.tgz",
      "integrity": "sha512-I9BoO4NSrtyiD/tUtrloJ+lmDySX9JeT4LN+o5PCyrWX2gJifBEyikAqDW5a7hKfB0CSDO3Z5C7MVbIvFcN9Mg==",
      "cpu": [
        "arm64"
      ],
      "dev": true,
      "license": "MIT",
      "optional": true,
      "os": [
        "linux"
      ],
      "engines": {
        "node": ">=12"
      }
    },
    "node_modules/@esbuild/linux-ia32": {
      "version": "0.19.12",
      "resolved": "https://nexushost.is.adyen.com/repository/npm-internal/@esbuild/linux-ia32/-/linux-ia32-0.19.12.tgz",
      "integrity": "sha512-judd7HifdMzyPET9j/Pkd/shYDSF7GebyLTU1EgHyIaKY+0CYXCoLGXQ9JgYOCwlDdjKqzAZPjAlaDZ5MYjnow==",
      "cpu": [
        "ia32"
      ],
      "dev": true,
      "license": "MIT",
      "optional": true,
      "os": [
        "linux"
      ],
      "engines": {
        "node": ">=12"
      }
    },
    "node_modules/@esbuild/linux-loong64": {
      "version": "0.19.12",
      "resolved": "https://nexushost.is.adyen.com/repository/npm-internal/@esbuild/linux-loong64/-/linux-loong64-0.19.12.tgz",
      "integrity": "sha512-XIlNCRKo8gqXC1/wbPwRP1CHSvRbaKgY+eTh98mEZi3AI4fhuC977h1j/7NNV9llKj2VTpppjnPAdq0yp4zhaw==",
      "cpu": [
        "loong64"
      ],
      "dev": true,
      "license": "MIT",
      "optional": true,
      "os": [
        "linux"
      ],
      "engines": {
        "node": ">=12"
      }
    },
    "node_modules/@esbuild/linux-mips64el": {
      "version": "0.19.12",
      "resolved": "https://nexushost.is.adyen.com/repository/npm-internal/@esbuild/linux-mips64el/-/linux-mips64el-0.19.12.tgz",
      "integrity": "sha512-2LiMqNy8G+vU7/UgihWg2hKzKn7XLDI2VkYZajDy5j1uVDKbU9s26P/dRNKAS6ibaYK3GCjOGFd7o/MLrJXxCA==",
      "cpu": [
        "mips64el"
      ],
      "dev": true,
      "license": "MIT",
      "optional": true,
      "os": [
        "linux"
      ],
      "engines": {
        "node": ">=12"
      }
    },
    "node_modules/@esbuild/linux-ppc64": {
      "version": "0.19.12",
      "resolved": "https://nexushost.is.adyen.com/repository/npm-internal/@esbuild/linux-ppc64/-/linux-ppc64-0.19.12.tgz",
      "integrity": "sha512-Owxd9RKstH+sAUalR9nJSA8iKnl31GM1r0V0hJR0TWmDd0l9ZhYFL+HpW9/WMvOAZrDlnb1hBHFuKcDkY6Gncw==",
      "cpu": [
        "ppc64"
      ],
      "dev": true,
      "license": "MIT",
      "optional": true,
      "os": [
        "linux"
      ],
      "engines": {
        "node": ">=12"
      }
    },
    "node_modules/@esbuild/linux-riscv64": {
      "version": "0.19.12",
      "resolved": "https://nexushost.is.adyen.com/repository/npm-internal/@esbuild/linux-riscv64/-/linux-riscv64-0.19.12.tgz",
      "integrity": "sha512-AhAQBBTMO0sLHQZBoswGxYugasL3jRxhiXvXC3tlD5PaHP8fQq1ehiQ1+OtXoQ7XvWiWSTvViskxHnGljXwdDQ==",
      "cpu": [
        "riscv64"
      ],
      "dev": true,
      "license": "MIT",
      "optional": true,
      "os": [
        "linux"
      ],
      "engines": {
        "node": ">=12"
      }
    },
    "node_modules/@esbuild/linux-s390x": {
      "version": "0.19.12",
      "resolved": "https://nexushost.is.adyen.com/repository/npm-internal/@esbuild/linux-s390x/-/linux-s390x-0.19.12.tgz",
      "integrity": "sha512-p5A/bIY/SI+Ko/EZfn4Ewd26wFuXme9IsxF6ETqPaizOTMJKdLsNOJnMjdSDNo6dTBIA+a+/7p9UXybk1v7fvQ==",
      "cpu": [
        "s390x"
      ],
      "dev": true,
      "license": "MIT",
      "optional": true,
      "os": [
        "linux"
      ],
      "engines": {
        "node": ">=12"
      }
    },
    "node_modules/@esbuild/linux-x64": {
      "version": "0.19.12",
      "resolved": "https://nexushost.is.adyen.com/repository/npm-internal/@esbuild/linux-x64/-/linux-x64-0.19.12.tgz",
      "integrity": "sha512-9+8+WYATx2ZKZANtXJGJnjW5IhYOqKLlhcykXmcbiaVYbyABFNob0QiCTboiXVkP5qudiAs1CrXMnIjwmVmnDQ==",
      "cpu": [
        "x64"
      ],
      "dev": true,
      "license": "MIT",
      "optional": true,
      "os": [
        "linux"
      ],
      "engines": {
        "node": ">=12"
      }
    },
    "node_modules/@esbuild/netbsd-x64": {
      "version": "0.19.12",
      "resolved": "https://nexushost.is.adyen.com/repository/npm-internal/@esbuild/netbsd-x64/-/netbsd-x64-0.19.12.tgz",
      "integrity": "sha512-tHhlIcHcCaDFctffJqlRlyOd13KBz4fl5SN59sfwf05axaEUQMbvpABFku5U2RVIPjf1uRDOseSYrNRsuOc+gQ==",
      "cpu": [
        "x64"
      ],
      "dev": true,
      "license": "MIT",
      "optional": true,
      "os": [
        "netbsd"
      ],
      "engines": {
        "node": ">=12"
      }
    },
    "node_modules/@esbuild/openbsd-x64": {
      "version": "0.19.12",
      "resolved": "https://nexushost.is.adyen.com/repository/npm-internal/@esbuild/openbsd-x64/-/openbsd-x64-0.19.12.tgz",
      "integrity": "sha512-TLegWerXE8KVj91ltqnX8LqmE4afPCFJ2d6L+q6QiLjIgLbsmyGBo9CIH2OWBMJ51hmGnFZ0/mplOEhN2aOuSQ==",
      "cpu": [
        "x64"
      ],
      "dev": true,
      "license": "MIT",
      "optional": true,
      "os": [
        "openbsd"
      ],
      "engines": {
        "node": ">=12"
      }
    },
    "node_modules/@esbuild/sunos-x64": {
      "version": "0.19.12",
      "resolved": "https://nexushost.is.adyen.com/repository/npm-internal/@esbuild/sunos-x64/-/sunos-x64-0.19.12.tgz",
      "integrity": "sha512-s0bbRaowmsYbwR5sgxLw2EYjDIYDvi1ouri9mKTec9nBlf8Rh10Hdu9RiTyyQ+h5oJ3yGF4mNqKq4UteAzpa2g==",
      "cpu": [
        "x64"
      ],
      "dev": true,
      "license": "MIT",
      "optional": true,
      "os": [
        "sunos"
      ],
      "engines": {
        "node": ">=12"
      }
    },
    "node_modules/@esbuild/win32-arm64": {
      "version": "0.19.12",
      "resolved": "https://nexushost.is.adyen.com/repository/npm-internal/@esbuild/win32-arm64/-/win32-arm64-0.19.12.tgz",
      "integrity": "sha512-V7YObTM4rZi4EIz2yHAi+YpX7gjFvwsbeSde7N2e2yu8C9xRbQacPs5/KcGsLV30fCW6/IaOjYOfPjX1I0WgtQ==",
      "cpu": [
        "arm64"
      ],
      "dev": true,
      "license": "MIT",
      "optional": true,
      "os": [
        "win32"
      ],
      "engines": {
        "node": ">=12"
      }
    },
    "node_modules/@esbuild/win32-ia32": {
      "version": "0.19.12",
      "resolved": "https://nexushost.is.adyen.com/repository/npm-internal/@esbuild/win32-ia32/-/win32-ia32-0.19.12.tgz",
      "integrity": "sha512-pwghMuW+bGfSH0ZbRoPcVTTP2v8LVx8Jn/c1CcUyFCNJiKMBxFgAXFAqE16qH2QPqZ6HdZewZlduBpaYMVi74Q==",
      "cpu": [
        "ia32"
      ],
      "dev": true,
      "license": "MIT",
      "optional": true,
      "os": [
        "win32"
      ],
      "engines": {
        "node": ">=12"
      }
    },
    "node_modules/@esbuild/win32-x64": {
      "version": "0.19.12",
      "resolved": "https://nexushost.is.adyen.com/repository/npm-internal/@esbuild/win32-x64/-/win32-x64-0.19.12.tgz",
      "integrity": "sha512-5WFar8nBjQOioYxgemXa+FbtX10b7BOBzKnHyJGEBUJj6D1ICEPHmADf3ibveb4RiIHvGlCmAQOeKMvrZtBwhw==",
      "cpu": [
        "x64"
      ],
      "dev": true,
      "license": "MIT",
      "optional": true,
      "os": [
        "win32"
      ],
      "engines": {
        "node": ">=12"
      }
    },
    "node_modules/@rollup/rollup-darwin-arm64": {
      "version": "4.9.6",
      "resolved": "https://nexushost.is.adyen.com/repository/npm-internal/@rollup/rollup-darwin-arm64/-/rollup-darwin-arm64-4.9.6.tgz",
      "integrity": "sha512-186k6gbe5stm8fgNyKBqRrbwMCqWyBeWrp51tlEQ3tiDTkZPSOTYpvZ4YjWcEkr7dEq2kKO8A3usW3nFlzhpZQ==",
      "cpu": [
        "arm64"
      ],
      "dev": true,
      "license": "MIT",
      "optional": true,
      "os": [
        "darwin"
      ]
    },
    "node_modules/@rollup/rollup-linux-x64-gnu": {
      "version": "4.9.6",
      "resolved": "https://nexushost.is.adyen.com/repository/npm-internal/@rollup/rollup-linux-x64-gnu/-/rollup-linux-x64-gnu-4.9.6.tgz",
      "integrity": "sha512-LEdj3skBguayeOiRkpxi4BbO8nzy5B4bhJM6p0R1cCEY9avkYfWrVPp/56LVDvy1uJPthjis7EYtnELgwzsI1g==",
      "cpu": [
        "x64"
      ],
      "dev": true,
      "license": "MIT",
      "optional": true,
      "os": [
        "linux"
      ]
    },
    "node_modules/@types/estree": {
      "version": "1.0.5",
      "resolved": "https://nexushost.is.adyen.com/repository/npm-internal/@types/estree/-/estree-1.0.5.tgz",
      "integrity": "sha512-4jjwjZjD36S8YrFAnoIA5nfzdu38GkJgYzQsJFdQ9GIrFQVrclHfOh/rMKEJCs0rYlerKqu69gWKVLNw13gUmg==",
      "dev": true,
      "license": "MIT"
    },
    "node_modules/esbuild": {
      "version": "0.19.12",
      "resolved": "https://nexushost.is.adyen.com/repository/npm-internal/esbuild/-/esbuild-0.19.12.tgz",
      "integrity": "sha512-223evfDS0L3FefI5QP6OjfwseXLfPcLFNZcapt6lyzMVp9G2r0qTXL0DY/GuQluyQx9KrDUwWS+N2PLK34S0xA==",
      "dev": true,
      "hasInstallScript": true,
      "license": "MIT",
      "bin": {
        "esbuild": "bin/esbuild"
      },
      "engines": {
        "node": ">=12"
      },
      "optionalDependencies": {
        "@esbuild/aix-ppc64": "0.19.12",
        "@esbuild/android-arm": "0.19.12",
        "@esbuild/android-arm64": "0.19.12",
        "@esbuild/android-x64": "0.19.12",
        "@esbuild/darwin-arm64": "0.19.12",
        "@esbuild/darwin-x64": "0.19.12",
        "@esbuild/freebsd-arm64": "0.19.12",
        "@esbuild/freebsd-x64": "0.19.12",
        "@esbuild/linux-arm": "0.19.12",
        "@esbuild/linux-arm64": "0.19.12",
        "@esbuild/linux-ia32": "0.19.12",
        "@esbuild/linux-loong64": "0.19.12",
        "@esbuild/linux-mips64el": "0.19.12",
        "@esbuild/linux-ppc64": "0.19.12",
        "@esbuild/linux-riscv64": "0.19.12",
        "@esbuild/linux-s390x": "0.19.12",
        "@esbuild/linux-x64": "0.19.12",
        "@esbuild/netbsd-x64": "0.19.12",
        "@esbuild/openbsd-x64": "0.19.12",
        "@esbuild/sunos-x64": "0.19.12",
        "@esbuild/win32-arm64": "0.19.12",
        "@esbuild/win32-ia32": "0.19.12",
        "@esbuild/win32-x64": "0.19.12"
      }
    },
    "node_modules/fsevents": {
      "version": "2.3.3",
      "resolved": "https://nexushost.is.adyen.com/repository/npm-internal/fsevents/-/fsevents-2.3.3.tgz",
      "integrity": "sha512-dMuujO7o6KqmDN5nIWHvpfMNVc6ib3oTeK2YPoBODK3qnMxoproQX92UV23q/tw0ZAz59egTuCIS1bjsq3QHuA==",
      "dev": true,
      "license": "MIT",
      "optional": true,
      "os": [
        "darwin"
      ],
      "engines": {
        "node": "^8.16.0 || ^10.6.0 || >=11.0.0"
      }
    },
    "node_modules/nanoid": {
      "version": "3.3.7",
      "resolved": "https://nexushost.is.adyen.com/repository/npm-internal/nanoid/-/nanoid-3.3.7.tgz",
      "integrity": "sha512-hGSFgWhffllY7gjASZfatC8uRDCX4S7AX03z/5/TTy+LpKdX8g8rs59zXg7Oh5dxH7EDJPrQiTN2CRgGbl6pfg==",
      "dev": true,
      "funding": [
        {
          "type": "github",
          "url": "https://github.com/sponsors/ai"
        }
      ],
      "license": "MIT",
      "bin": {
        "nanoid": "bin/nanoid.cjs"
      },
      "engines": {
        "node": "^10 || ^12 || ^13.7 || ^14 || >=15.0.1"
      }
    },
    "node_modules/picocolors": {
      "version": "1.0.0",
      "resolved": "https://nexushost.is.adyen.com/repository/npm-internal/picocolors/-/picocolors-1.0.0.tgz",
      "integrity": "sha512-aJ+Vc4FfxFBbnAZfjETQggYD+ntJeLk9H/Bj1ScWZt9eCdN8zoGuDBEcX4KLpqzswMmGev2AyxNhQ8rbkoG58g==",
      "dev": true,
      "license": "ISC"
    },
    "node_modules/postcss": {
      "version": "8.4.35",
      "resolved": "https://nexushost.is.adyen.com/repository/npm-internal/postcss/-/postcss-8.4.35.tgz",
      "integrity": "sha512-628DQ7W8kxbuwIS56VwZ8a9EXrike7dcQFQEOAmfjWSb3SlS//xKj5xq8vCrIcLFrj70ZPh4BmLKCQXYhj0bOA==",
      "dev": true,
      "funding": [
        {
          "type": "opencollective",
          "url": "https://opencollective.com/postcss/"
        },
        {
          "type": "tidelift",
          "url": "https://tidelift.com/funding/github/npm/postcss"
        },
        {
          "type": "github",
          "url": "https://github.com/sponsors/ai"
        }
      ],
      "license": "MIT",
      "dependencies": {
        "nanoid": "^3.3.7",
        "picocolors": "^1.0.0",
        "source-map-js": "^1.0.2"
      },
      "engines": {
        "node": "^10 || ^12 || >=14"
      }
    },
    "node_modules/prettier": {
      "version": "3.2.4",
      "resolved": "https://nexushost.is.adyen.com/repository/npm-internal/prettier/-/prettier-3.2.4.tgz",
      "integrity": "sha512-w2itTHCBD0/TTyhrVz+pjf2f1bz2pOWEJ0xpHvt5gxKKZg6ojH9/F8QtYF+ifOD038uroUTmRsssF1cho8tmpw==",
      "dev": true,
      "license": "MIT",
      "bin": {
        "prettier": "bin/prettier.cjs"
      },
      "engines": {
        "node": ">=14"
      },
      "funding": {
        "url": "https://github.com/prettier/prettier?sponsor=1"
      }
    },
    "node_modules/rollup": {
      "version": "4.9.6",
      "resolved": "https://nexushost.is.adyen.com/repository/npm-internal/rollup/-/rollup-4.9.6.tgz",
      "integrity": "sha512-HIt2ZpwXpHun4iBmh9NmMTPsqXe6jj1rzSCWGUWWLG8WtXJ+p3+qxlz4eHH5Tn7X9trqNxAcIoFs3Yudn8Ye6A==",
      "dev": true,
      "license": "MIT",
      "dependencies": {
        "@types/estree": "1.0.5"
      },
      "bin": {
        "rollup": "dist/bin/rollup"
      },
      "engines": {
        "node": ">=18.0.0",
        "npm": ">=8.0.0"
      },
      "optionalDependencies": {
        "@rollup/rollup-android-arm-eabi": "4.9.6",
        "@rollup/rollup-android-arm64": "4.9.6",
        "@rollup/rollup-darwin-arm64": "4.9.6",
        "@rollup/rollup-darwin-x64": "4.9.6",
        "@rollup/rollup-linux-arm-gnueabihf": "4.9.6",
        "@rollup/rollup-linux-arm64-gnu": "4.9.6",
        "@rollup/rollup-linux-arm64-musl": "4.9.6",
        "@rollup/rollup-linux-riscv64-gnu": "4.9.6",
        "@rollup/rollup-linux-x64-gnu": "4.9.6",
        "@rollup/rollup-linux-x64-musl": "4.9.6",
        "@rollup/rollup-win32-arm64-msvc": "4.9.6",
        "@rollup/rollup-win32-ia32-msvc": "4.9.6",
        "@rollup/rollup-win32-x64-msvc": "4.9.6",
        "fsevents": "~2.3.2"
      }
    },
    "node_modules/source-map-js": {
      "version": "1.0.2",
      "resolved": "https://nexushost.is.adyen.com/repository/npm-internal/source-map-js/-/source-map-js-1.0.2.tgz",
      "integrity": "sha512-/aSi16OPhkNub8mzfe5vYWruM9sK7o9I5HsFtiJcxFbKgI5YYa8icxcbRnihYhNU8656s5LdoZkm+zaT1J9Flg==",
      "dev": true,
      "license": "BSD-3-Clause",
      "engines": {
        "node": ">=0.10.0"
      }
    },
    "node_modules/vite": {
      "version": "5.0.12",
      "resolved": "https://nexushost.is.adyen.com/repository/npm-internal/vite/-/vite-5.0.12.tgz",
      "integrity": "sha512-tNu/MEMOrbiuzuJLG+dGrwetEpFaJOe2C6wDLjSeAUeYnUMS3mm9p5YD2meA6lAqPSgP+Nx5izERalUzeWVPmw==",
      "dev": true,
      "license": "MIT",
      "dependencies": {
        "esbuild": "^0.19.3",
        "postcss": "^8.4.32",
        "rollup": "^4.2.0"
      },
      "bin": {
        "vite": "bin/vite.js"
      },
      "engines": {
        "node": "^18.0.0 || >=20.0.0"
      },
      "funding": {
        "url": "https://github.com/vitejs/vite?sponsor=1"
      },
      "optionalDependencies": {
        "fsevents": "~2.3.3"
      },
      "peerDependencies": {
        "@types/node": "^18.0.0 || >=20.0.0",
        "less": "*",
        "lightningcss": "^1.21.0",
        "sass": "*",
        "stylus": "*",
        "sugarss": "*",
        "terser": "^5.4.0"
      },
      "peerDependenciesMeta": {
        "@types/node": {
          "optional": true
        },
        "less": {
          "optional": true
        },
        "lightningcss": {
          "optional": true
        },
        "sass": {
          "optional": true
        },
        "stylus": {
          "optional": true
        },
        "sugarss": {
          "optional": true
        },
        "terser": {
          "optional": true
        }
      }
    }
  },
  "dependencies": {
    "@esbuild/aix-ppc64": {
      "version": "0.19.12",
      "resolved": "https://nexushost.is.adyen.com/repository/npm-internal/@esbuild/aix-ppc64/-/aix-ppc64-0.19.12.tgz",
      "integrity": "sha512-wyOnzB3aV5nX64h4/4mW1MkSWH7oKJmwknWKI1ZPgp8AGs46LKIlhFjsC/q3b8dYSJKaNLmeDW64m+jXwxDvCA==",
      "dev": true,
      "optional": true
    },
    "@esbuild/android-arm": {
      "version": "0.19.12",
      "resolved": "https://nexushost.is.adyen.com/repository/npm-internal/@esbuild/android-arm/-/android-arm-0.19.12.tgz",
      "integrity": "sha512-EGGdmtbtaRxX/3x6GUYlcgQgqePsPXs2aLK4CToN2qIDGIj5e79yaLZyT2pNNwNynJOpyyZ9xATl8t+GCBjv0w==",
      "dev": true,
      "optional": true
    },
    "@esbuild/android-arm64": {
      "version": "0.19.12",
      "resolved": "https://nexushost.is.adyen.com/repository/npm-internal/@esbuild/android-arm64/-/android-arm64-0.19.12.tgz",
      "integrity": "sha512-6KyJXV/5+WTzuVIY1gFs+z9oR9t4OliS1g6PcWhPBn6Wma6B4gKk/DSrLA30Ovdaf0bg1DnlSTB7Jx2yzrRGBA==",
      "dev": true,
      "optional": true
    },
    "@esbuild/android-x64": {
      "version": "0.19.12",
      "resolved": "https://nexushost.is.adyen.com/repository/npm-internal/@esbuild/android-x64/-/android-x64-0.19.12.tgz",
      "integrity": "sha512-iXBddx0cQAp5g1a+wdHTuRyLe0XHipvDTUeTaHNS0/aYsDQm+fEUx2ug4saybKda8hfX4cdNGAzmlTsOIIxvVA==",
      "dev": true,
      "optional": true
    },
    "@esbuild/darwin-arm64": {
      "version": "0.19.12",
      "resolved": "https://nexushost.is.adyen.com/repository/npm-internal/@esbuild/darwin-arm64/-/darwin-arm64-0.19.12.tgz",
      "integrity": "sha512-u4UR7+CKPT/NBrujKyBvLFheDJkp7OyOWWu0hT5I90posnaXrTw2bv2wTV/pcK2ZIHOrzy1/moGCM/86WVQEIA==",
      "dev": true,
      "optional": true
    },
    "@esbuild/darwin-x64": {
      "version": "0.19.12",
      "resolved": "https://nexushost.is.adyen.com/repository/npm-internal/@esbuild/darwin-x64/-/darwin-x64-0.19.12.tgz",
      "integrity": "sha512-T62wxO+1akJZ/qASI6Gmb1ndGz4xygMVVRut6eiBP6Njoll4RWk16G42tOXfyrAGkvxJXVxeq6ckwMoXx6bobA==",
      "dev": true,
      "optional": true
    },
    "@esbuild/freebsd-arm64": {
      "version": "0.19.12",
      "resolved": "https://nexushost.is.adyen.com/repository/npm-internal/@esbuild/freebsd-arm64/-/freebsd-arm64-0.19.12.tgz",
      "integrity": "sha512-3XhdYx5eeSjU+0+fU1a5a9alJe3C8+XAET8CvL7qXPaf/s0Bc4V87QxZDK1/40XGhU5m5OrsYGcprjeqy1w54w==",
      "dev": true,
      "optional": true
    },
    "@esbuild/freebsd-x64": {
      "version": "0.19.12",
      "resolved": "https://nexushost.is.adyen.com/repository/npm-internal/@esbuild/freebsd-x64/-/freebsd-x64-0.19.12.tgz",
      "integrity": "sha512-nsu3ze8w4S9sJw8QUNSq+8SVJfgDtKh3QWlRCqiGDce2CQS9acUtQrdd40E8eACew5IT7KXyS2CZ7c3rx4iDnA==",
      "dev": true,
      "optional": true
    },
    "@esbuild/linux-arm": {
      "version": "0.19.12",
      "resolved": "https://nexushost.is.adyen.com/repository/npm-internal/@esbuild/linux-arm/-/linux-arm-0.19.12.tgz",
      "integrity": "sha512-b22eSc4YGfGq6Ufsg7Dm0R5NydTDnWJb7LRKx/7QYHTxcdDtXv00szKg3Uw1J2PJabynEF0SheHo6IIaobLb1A==",
      "dev": true,
      "optional": true
    },
    "@esbuild/linux-arm64": {
      "version": "0.19.12",
      "resolved": "https://nexushost.is.adyen.com/repository/npm-internal/@esbuild/linux-arm64/-/linux-arm64-0.19.12.tgz",
      "integrity": "sha512-I9BoO4NSrtyiD/tUtrloJ+lmDySX9JeT4LN+o5PCyrWX2gJifBEyikAqDW5a7hKfB0CSDO3Z5C7MVbIvFcN9Mg==",
      "dev": true,
      "optional": true
    },
    "@esbuild/linux-ia32": {
      "version": "0.19.12",
      "resolved": "https://nexushost.is.adyen.com/repository/npm-internal/@esbuild/linux-ia32/-/linux-ia32-0.19.12.tgz",
      "integrity": "sha512-judd7HifdMzyPET9j/Pkd/shYDSF7GebyLTU1EgHyIaKY+0CYXCoLGXQ9JgYOCwlDdjKqzAZPjAlaDZ5MYjnow==",
      "dev": true,
      "optional": true
    },
    "@esbuild/linux-loong64": {
      "version": "0.19.12",
      "resolved": "https://nexushost.is.adyen.com/repository/npm-internal/@esbuild/linux-loong64/-/linux-loong64-0.19.12.tgz",
      "integrity": "sha512-XIlNCRKo8gqXC1/wbPwRP1CHSvRbaKgY+eTh98mEZi3AI4fhuC977h1j/7NNV9llKj2VTpppjnPAdq0yp4zhaw==",
      "dev": true,
      "optional": true
    },
    "@esbuild/linux-mips64el": {
      "version": "0.19.12",
      "resolved": "https://nexushost.is.adyen.com/repository/npm-internal/@esbuild/linux-mips64el/-/linux-mips64el-0.19.12.tgz",
      "integrity": "sha512-2LiMqNy8G+vU7/UgihWg2hKzKn7XLDI2VkYZajDy5j1uVDKbU9s26P/dRNKAS6ibaYK3GCjOGFd7o/MLrJXxCA==",
      "dev": true,
      "optional": true
    },
    "@esbuild/linux-ppc64": {
      "version": "0.19.12",
      "resolved": "https://nexushost.is.adyen.com/repository/npm-internal/@esbuild/linux-ppc64/-/linux-ppc64-0.19.12.tgz",
      "integrity": "sha512-Owxd9RKstH+sAUalR9nJSA8iKnl31GM1r0V0hJR0TWmDd0l9ZhYFL+HpW9/WMvOAZrDlnb1hBHFuKcDkY6Gncw==",
      "dev": true,
      "optional": true
    },
    "@esbuild/linux-riscv64": {
      "version": "0.19.12",
      "resolved": "https://nexushost.is.adyen.com/repository/npm-internal/@esbuild/linux-riscv64/-/linux-riscv64-0.19.12.tgz",
      "integrity": "sha512-AhAQBBTMO0sLHQZBoswGxYugasL3jRxhiXvXC3tlD5PaHP8fQq1ehiQ1+OtXoQ7XvWiWSTvViskxHnGljXwdDQ==",
      "dev": true,
      "optional": true
    },
    "@esbuild/linux-s390x": {
      "version": "0.19.12",
      "resolved": "https://nexushost.is.adyen.com/repository/npm-internal/@esbuild/linux-s390x/-/linux-s390x-0.19.12.tgz",
      "integrity": "sha512-p5A/bIY/SI+Ko/EZfn4Ewd26wFuXme9IsxF6ETqPaizOTMJKdLsNOJnMjdSDNo6dTBIA+a+/7p9UXybk1v7fvQ==",
      "dev": true,
      "optional": true
    },
    "@esbuild/linux-x64": {
      "version": "0.19.12",
      "resolved": "https://nexushost.is.adyen.com/repository/npm-internal/@esbuild/linux-x64/-/linux-x64-0.19.12.tgz",
      "integrity": "sha512-9+8+WYATx2ZKZANtXJGJnjW5IhYOqKLlhcykXmcbiaVYbyABFNob0QiCTboiXVkP5qudiAs1CrXMnIjwmVmnDQ==",
      "dev": true,
      "optional": true
    },
    "@esbuild/netbsd-x64": {
      "version": "0.19.12",
      "resolved": "https://nexushost.is.adyen.com/repository/npm-internal/@esbuild/netbsd-x64/-/netbsd-x64-0.19.12.tgz",
      "integrity": "sha512-tHhlIcHcCaDFctffJqlRlyOd13KBz4fl5SN59sfwf05axaEUQMbvpABFku5U2RVIPjf1uRDOseSYrNRsuOc+gQ==",
      "dev": true,
      "optional": true
    },
    "@esbuild/openbsd-x64": {
      "version": "0.19.12",
      "resolved": "https://nexushost.is.adyen.com/repository/npm-internal/@esbuild/openbsd-x64/-/openbsd-x64-0.19.12.tgz",
      "integrity": "sha512-TLegWerXE8KVj91ltqnX8LqmE4afPCFJ2d6L+q6QiLjIgLbsmyGBo9CIH2OWBMJ51hmGnFZ0/mplOEhN2aOuSQ==",
      "dev": true,
      "optional": true
    },
    "@esbuild/sunos-x64": {
      "version": "0.19.12",
      "resolved": "https://nexushost.is.adyen.com/repository/npm-internal/@esbuild/sunos-x64/-/sunos-x64-0.19.12.tgz",
      "integrity": "sha512-s0bbRaowmsYbwR5sgxLw2EYjDIYDvi1ouri9mKTec9nBlf8Rh10Hdu9RiTyyQ+h5oJ3yGF4mNqKq4UteAzpa2g==",
      "dev": true,
      "optional": true
    },
    "@esbuild/win32-arm64": {
      "version": "0.19.12",
      "resolved": "https://nexushost.is.adyen.com/repository/npm-internal/@esbuild/win32-arm64/-/win32-arm64-0.19.12.tgz",
      "integrity": "sha512-V7YObTM4rZi4EIz2yHAi+YpX7gjFvwsbeSde7N2e2yu8C9xRbQacPs5/KcGsLV30fCW6/IaOjYOfPjX1I0WgtQ==",
      "dev": true,
      "optional": true
    },
    "@esbuild/win32-ia32": {
      "version": "0.19.12",
      "resolved": "https://nexushost.is.adyen.com/repository/npm-internal/@esbuild/win32-ia32/-/win32-ia32-0.19.12.tgz",
      "integrity": "sha512-pwghMuW+bGfSH0ZbRoPcVTTP2v8LVx8Jn/c1CcUyFCNJiKMBxFgAXFAqE16qH2QPqZ6HdZewZlduBpaYMVi74Q==",
      "dev": true,
      "optional": true
    },
    "@esbuild/win32-x64": {
      "version": "0.19.12",
      "resolved": "https://nexushost.is.adyen.com/repository/npm-internal/@esbuild/win32-x64/-/win32-x64-0.19.12.tgz",
      "integrity": "sha512-5WFar8nBjQOioYxgemXa+FbtX10b7BOBzKnHyJGEBUJj6D1ICEPHmADf3ibveb4RiIHvGlCmAQOeKMvrZtBwhw==",
      "dev": true,
      "optional": true
    },
    "@rollup/rollup-darwin-arm64": {
      "version": "4.9.6",
      "resolved": "https://nexushost.is.adyen.com/repository/npm-internal/@rollup/rollup-darwin-arm64/-/rollup-darwin-arm64-4.9.6.tgz",
      "integrity": "sha512-186k6gbe5stm8fgNyKBqRrbwMCqWyBeWrp51tlEQ3tiDTkZPSOTYpvZ4YjWcEkr7dEq2kKO8A3usW3nFlzhpZQ==",
      "dev": true,
      "optional": true
    },
    "@rollup/rollup-linux-x64-gnu": {
      "version": "4.9.6",
      "resolved": "https://nexushost.is.adyen.com/repository/npm-internal/@rollup/rollup-linux-x64-gnu/-/rollup-linux-x64-gnu-4.9.6.tgz",
      "integrity": "sha512-LEdj3skBguayeOiRkpxi4BbO8nzy5B4bhJM6p0R1cCEY9avkYfWrVPp/56LVDvy1uJPthjis7EYtnELgwzsI1g==",
      "dev": true,
      "optional": true
    },
    "@types/estree": {
      "version": "1.0.5",
      "resolved": "https://nexushost.is.adyen.com/repository/npm-internal/@types/estree/-/estree-1.0.5.tgz",
      "integrity": "sha512-4jjwjZjD36S8YrFAnoIA5nfzdu38GkJgYzQsJFdQ9GIrFQVrclHfOh/rMKEJCs0rYlerKqu69gWKVLNw13gUmg==",
      "dev": true
    },
    "esbuild": {
      "version": "0.19.12",
      "resolved": "https://nexushost.is.adyen.com/repository/npm-internal/esbuild/-/esbuild-0.19.12.tgz",
      "integrity": "sha512-223evfDS0L3FefI5QP6OjfwseXLfPcLFNZcapt6lyzMVp9G2r0qTXL0DY/GuQluyQx9KrDUwWS+N2PLK34S0xA==",
      "dev": true,
      "requires": {
        "@esbuild/aix-ppc64": "0.19.12",
        "@esbuild/android-arm": "0.19.12",
        "@esbuild/android-arm64": "0.19.12",
        "@esbuild/android-x64": "0.19.12",
        "@esbuild/darwin-arm64": "0.19.12",
        "@esbuild/darwin-x64": "0.19.12",
        "@esbuild/freebsd-arm64": "0.19.12",
        "@esbuild/freebsd-x64": "0.19.12",
        "@esbuild/linux-arm": "0.19.12",
        "@esbuild/linux-arm64": "0.19.12",
        "@esbuild/linux-ia32": "0.19.12",
        "@esbuild/linux-loong64": "0.19.12",
        "@esbuild/linux-mips64el": "0.19.12",
        "@esbuild/linux-ppc64": "0.19.12",
        "@esbuild/linux-riscv64": "0.19.12",
        "@esbuild/linux-s390x": "0.19.12",
        "@esbuild/linux-x64": "0.19.12",
        "@esbuild/netbsd-x64": "0.19.12",
        "@esbuild/openbsd-x64": "0.19.12",
        "@esbuild/sunos-x64": "0.19.12",
        "@esbuild/win32-arm64": "0.19.12",
        "@esbuild/win32-ia32": "0.19.12",
        "@esbuild/win32-x64": "0.19.12"
      }
    },
    "fsevents": {
      "version": "2.3.3",
      "resolved": "https://nexushost.is.adyen.com/repository/npm-internal/fsevents/-/fsevents-2.3.3.tgz",
      "integrity": "sha512-dMuujO7o6KqmDN5nIWHvpfMNVc6ib3oTeK2YPoBODK3qnMxoproQX92UV23q/tw0ZAz59egTuCIS1bjsq3QHuA==",
      "dev": true,
      "optional": true
    },
    "nanoid": {
      "version": "3.3.7",
      "resolved": "https://nexushost.is.adyen.com/repository/npm-internal/nanoid/-/nanoid-3.3.7.tgz",
      "integrity": "sha512-hGSFgWhffllY7gjASZfatC8uRDCX4S7AX03z/5/TTy+LpKdX8g8rs59zXg7Oh5dxH7EDJPrQiTN2CRgGbl6pfg==",
      "dev": true
    },
    "picocolors": {
      "version": "1.0.0",
      "resolved": "https://nexushost.is.adyen.com/repository/npm-internal/picocolors/-/picocolors-1.0.0.tgz",
      "integrity": "sha512-aJ+Vc4FfxFBbnAZfjETQggYD+ntJeLk9H/Bj1ScWZt9eCdN8zoGuDBEcX4KLpqzswMmGev2AyxNhQ8rbkoG58g==",
      "dev": true
    },
    "postcss": {
      "version": "8.4.35",
      "resolved": "https://nexushost.is.adyen.com/repository/npm-internal/postcss/-/postcss-8.4.35.tgz",
      "integrity": "sha512-628DQ7W8kxbuwIS56VwZ8a9EXrike7dcQFQEOAmfjWSb3SlS//xKj5xq8vCrIcLFrj70ZPh4BmLKCQXYhj0bOA==",
      "dev": true,
      "requires": {
        "nanoid": "^3.3.7",
        "picocolors": "^1.0.0",
        "source-map-js": "^1.0.2"
      }
    },
    "prettier": {
      "version": "3.2.4",
      "resolved": "https://nexushost.is.adyen.com/repository/npm-internal/prettier/-/prettier-3.2.4.tgz",
      "integrity": "sha512-w2itTHCBD0/TTyhrVz+pjf2f1bz2pOWEJ0xpHvt5gxKKZg6ojH9/F8QtYF+ifOD038uroUTmRsssF1cho8tmpw==",
      "dev": true
    },
    "rollup": {
      "version": "4.9.6",
      "resolved": "https://nexushost.is.adyen.com/repository/npm-internal/rollup/-/rollup-4.9.6.tgz",
      "integrity": "sha512-HIt2ZpwXpHun4iBmh9NmMTPsqXe6jj1rzSCWGUWWLG8WtXJ+p3+qxlz4eHH5Tn7X9trqNxAcIoFs3Yudn8Ye6A==",
      "dev": true,
      "requires": {
        "@rollup/rollup-android-arm-eabi": "4.9.6",
        "@rollup/rollup-android-arm64": "4.9.6",
        "@rollup/rollup-darwin-arm64": "4.9.6",
        "@rollup/rollup-darwin-x64": "4.9.6",
        "@rollup/rollup-linux-arm-gnueabihf": "4.9.6",
        "@rollup/rollup-linux-arm64-gnu": "4.9.6",
        "@rollup/rollup-linux-arm64-musl": "4.9.6",
        "@rollup/rollup-linux-riscv64-gnu": "4.9.6",
        "@rollup/rollup-linux-x64-gnu": "4.9.6",
        "@rollup/rollup-linux-x64-musl": "4.9.6",
        "@rollup/rollup-win32-arm64-msvc": "4.9.6",
        "@rollup/rollup-win32-ia32-msvc": "4.9.6",
        "@rollup/rollup-win32-x64-msvc": "4.9.6",
        "@types/estree": "1.0.5",
        "fsevents": "~2.3.2"
      }
    },
    "source-map-js": {
      "version": "1.0.2",
      "resolved": "https://nexushost.is.adyen.com/repository/npm-internal/source-map-js/-/source-map-js-1.0.2.tgz",
      "integrity": "sha512-/aSi16OPhkNub8mzfe5vYWruM9sK7o9I5HsFtiJcxFbKgI5YYa8icxcbRnihYhNU8656s5LdoZkm+zaT1J9Flg==",
      "dev": true
    },
    "vite": {
      "version": "5.0.12",
      "resolved": "https://nexushost.is.adyen.com/repository/npm-internal/vite/-/vite-5.0.12.tgz",
      "integrity": "sha512-tNu/MEMOrbiuzuJLG+dGrwetEpFaJOe2C6wDLjSeAUeYnUMS3mm9p5YD2meA6lAqPSgP+Nx5izERalUzeWVPmw==",
      "dev": true,
      "requires": {
        "esbuild": "^0.19.3",
        "fsevents": "~2.3.3",
        "postcss": "^8.4.32",
        "rollup": "^4.2.0"
      }
    }
  }
}
